
Microsoft Visual Studio Solution File, Format Version 12.00
# Visual Studio Version 16
VisualStudioVersion = 16.0.29306.81
MinimumVisualStudioVersion = 10.0.40219.1
Project("{8BC9CEB8-8B4A-11D0-8D11-00A0C91BC942}") = "Vector", "Collection\Vector\Vector.vcxproj", "{DF7EF5A5-2FDE-4602-95EB-F7F21EC86718}"
EndProject
Project("{8BC9CEB8-8B4A-11D0-8D11-00A0C91BC942}") = "Iterator", "Iteration\Iterator\Iterator.vcxproj", "{B2B813C5-C5B2-4409-BB9C-38D0500AAE91}"
EndProject
Project("{8BC9CEB8-8B4A-11D0-8D11-00A0C91BC942}") = "Stream", "Streams\Stream\Stream.vcxproj", "{7F3A8DDC-30BF-4642-B352-5F0DC23C24B6}"
EndProject
Project("{8BC9CEB8-8B4A-11D0-8D11-00A0C91BC942}") = "Class", "Classes\Class\Class.vcxproj", "{28B28C2B-8C87-4E33-A74D-4670D7463F3D}"
EndProject
Project("{8BC9CEB8-8B4A-11D0-8D11-00A0C91BC942}") = "Pointer", "Variables\Pointer\Pointer.vcxproj", "{A4D3631F-BDE9-4F4D-9695-2C32683D816B}"
EndProject
Project("{8BC9CEB8-8B4A-11D0-8D11-00A0C91BC942}") = "Extern", "Functions\Extern\Extern.vcxproj", "{A86D7919-12C4-4F86-BA66-9D6779B0118E}"
EndProject
Project("{8BC9CEB8-8B4A-11D0-8D11-00A0C91BC942}") = "String", "Variables\String\String.vcxproj", "{F609065A-572D-4D4B-A61B-C6BD4DF7AD41}"
EndProject
Project("{8BC9CEB8-8B4A-11D0-8D11-00A0C91BC942}") = "Signal", "Signals\Signal\Signal.vcxproj", "{29CD9C7F-741F-448B-A8BF-8E5761BDFB97}"
EndProject
Project("{8BC9CEB8-8B4A-11D0-8D11-00A0C91BC942}") = "Threads", "Thread\Threads\Threads.vcxproj", "{31794FDB-D68C-49F8-B3DE-0BDE4D9020CA}"
EndProject
Project("{2150E333-8FDC-42A3-9474-1A3956D46DE8}") = "Runoob", "Runoob", "{F3E77E19-EEA6-4712-BEB4-7FF2D1D04CE3}"
EndProject
Project("{2150E333-8FDC-42A3-9474-1A3956D46DE8}") = "Variables", "Variables", "{2BE4F985-18DA-4E26-97FC-29187E450B51}"
EndProject
Project("{2150E333-8FDC-42A3-9474-1A3956D46DE8}") = "Collection", "Collection", "{EA58F417-3AED-4D20-94F4-A5945FA67941}"
EndProject
Project("{2150E333-8FDC-42A3-9474-1A3956D46DE8}") = "Classes", "Classes", "{747BF16A-65A0-43F9-8C16-FE5B33543145}"
EndProject
Project("{2150E333-8FDC-42A3-9474-1A3956D46DE8}") = "Iteration", "Iteration", "{F74A2EC7-0EEA-41BB-9AF7-EF799F9C90E4}"
EndProject
Project("{2150E333-8FDC-42A3-9474-1A3956D46DE8}") = "Signals", "Signals", "{16A0206C-BF0C-4EE4-A83F-0763C43C0BC5}"
EndProject
Project("{2150E333-8FDC-42A3-9474-1A3956D46DE8}") = "Thread", "Thread", "{D19C937D-4CD3-4010-B26A-1797B29C1080}"
EndProject
Project("{2150E333-8FDC-42A3-9474-1A3956D46DE8}") = "Streams", "Streams", "{1A62BC38-BE8B-47D8-B254-DF438D95D938}"
EndProject
Project("{2150E333-8FDC-42A3-9474-1A3956D46DE8}") = "Functions", "Functions", "{9DE40499-5644-4737-A8CA-3E577D03D95F}"
EndProject
Project("{8BC9CEB8-8B4A-11D0-8D11-00A0C91BC942}") = "Array", "Variables\Array\Array.vcxproj", "{9D033331-0911-4218-BA8A-1E61FED05668}"
EndProject
Project("{8BC9CEB8-8B4A-11D0-8D11-00A0C91BC942}") = "LinkedList", "Collection\LinkedList\LinkedList.vcxproj", "{514D2C87-0E82-4D88-AC74-BA5644C66896}"
EndProject
Project("{8BC9CEB8-8B4A-11D0-8D11-00A0C91BC942}") = "NoRepeatingCharacters", "Collection\NoRepeatingCharacters\NoRepeatingCharacters.vcxproj", "{08BD1DA3-E739-497F-9C32-224C56315289}"
EndProject
Global
	GlobalSection(SolutionConfigurationPlatforms) = preSolution
		Debug|ARM = Debug|ARM
		Debug|ARM64 = Debug|ARM64
		Debug|x64 = Debug|x64
		Debug|x86 = Debug|x86
		Release|ARM = Release|ARM
		Release|ARM64 = Release|ARM64
		Release|x64 = Release|x64
		Release|x86 = Release|x86
	EndGlobalSection
	GlobalSection(ProjectConfigurationPlatforms) = postSolution
		{DF7EF5A5-2FDE-4602-95EB-F7F21EC86718}.Debug|ARM.ActiveCfg = Debug|Win32
		{DF7EF5A5-2FDE-4602-95EB-F7F21EC86718}.Debug|ARM64.ActiveCfg = Debug|Win32
		{DF7EF5A5-2FDE-4602-95EB-F7F21EC86718}.Debug|x64.ActiveCfg = Debug|x64
		{DF7EF5A5-2FDE-4602-95EB-F7F21EC86718}.Debug|x64.Build.0 = Debug|x64
		{DF7EF5A5-2FDE-4602-95EB-F7F21EC86718}.Debug|x86.ActiveCfg = Debug|Win32
		{DF7EF5A5-2FDE-4602-95EB-F7F21EC86718}.Debug|x86.Build.0 = Debug|Win32
		{DF7EF5A5-2FDE-4602-95EB-F7F21EC86718}.Release|ARM.ActiveCfg = Release|Win32
		{DF7EF5A5-2FDE-4602-95EB-F7F21EC86718}.Release|ARM64.ActiveCfg = Release|Win32
		{DF7EF5A5-2FDE-4602-95EB-F7F21EC86718}.Release|x64.ActiveCfg = Release|x64
		{DF7EF5A5-2FDE-4602-95EB-F7F21EC86718}.Release|x64.Build.0 = Release|x64
		{DF7EF5A5-2FDE-4602-95EB-F7F21EC86718}.Release|x86.ActiveCfg = Release|Win32
		{DF7EF5A5-2FDE-4602-95EB-F7F21EC86718}.Release|x86.Build.0 = Release|Win32
		{B2B813C5-C5B2-4409-BB9C-38D0500AAE91}.Debug|ARM.ActiveCfg = Debug|Win32
		{B2B813C5-C5B2-4409-BB9C-38D0500AAE91}.Debug|ARM64.ActiveCfg = Debug|Win32
		{B2B813C5-C5B2-4409-BB9C-38D0500AAE91}.Debug|x64.ActiveCfg = Debug|x64
		{B2B813C5-C5B2-4409-BB9C-38D0500AAE91}.Debug|x64.Build.0 = Debug|x64
		{B2B813C5-C5B2-4409-BB9C-38D0500AAE91}.Debug|x86.ActiveCfg = Debug|Win32
		{B2B813C5-C5B2-4409-BB9C-38D0500AAE91}.Debug|x86.Build.0 = Debug|Win32
		{B2B813C5-C5B2-4409-BB9C-38D0500AAE91}.Release|ARM.ActiveCfg = Release|Win32
		{B2B813C5-C5B2-4409-BB9C-38D0500AAE91}.Release|ARM64.ActiveCfg = Release|Win32
		{B2B813C5-C5B2-4409-BB9C-38D0500AAE91}.Release|x64.ActiveCfg = Release|x64
		{B2B813C5-C5B2-4409-BB9C-38D0500AAE91}.Release|x64.Build.0 = Release|x64
		{B2B813C5-C5B2-4409-BB9C-38D0500AAE91}.Release|x86.ActiveCfg = Release|Win32
		{B2B813C5-C5B2-4409-BB9C-38D0500AAE91}.Release|x86.Build.0 = Release|Win32
		{7F3A8DDC-30BF-4642-B352-5F0DC23C24B6}.Debug|ARM.ActiveCfg = Debug|Win32
		{7F3A8DDC-30BF-4642-B352-5F0DC23C24B6}.Debug|ARM64.ActiveCfg = Debug|Win32
		{7F3A8DDC-30BF-4642-B352-5F0DC23C24B6}.Debug|x64.ActiveCfg = Debug|x64
		{7F3A8DDC-30BF-4642-B352-5F0DC23C24B6}.Debug|x64.Build.0 = Debug|x64
		{7F3A8DDC-30BF-4642-B352-5F0DC23C24B6}.Debug|x86.ActiveCfg = Debug|Win32
		{7F3A8DDC-30BF-4642-B352-5F0DC23C24B6}.Debug|x86.Build.0 = Debug|Win32
		{7F3A8DDC-30BF-4642-B352-5F0DC23C24B6}.Release|ARM.ActiveCfg = Release|Win32
		{7F3A8DDC-30BF-4642-B352-5F0DC23C24B6}.Release|ARM64.ActiveCfg = Release|Win32
		{7F3A8DDC-30BF-4642-B352-5F0DC23C24B6}.Release|x64.ActiveCfg = Release|x64
		{7F3A8DDC-30BF-4642-B352-5F0DC23C24B6}.Release|x64.Build.0 = Release|x64
		{7F3A8DDC-30BF-4642-B352-5F0DC23C24B6}.Release|x86.ActiveCfg = Release|Win32
		{7F3A8DDC-30BF-4642-B352-5F0DC23C24B6}.Release|x86.Build.0 = Release|Win32
		{28B28C2B-8C87-4E33-A74D-4670D7463F3D}.Debug|ARM.ActiveCfg = Debug|Win32
		{28B28C2B-8C87-4E33-A74D-4670D7463F3D}.Debug|ARM64.ActiveCfg = Debug|Win32
		{28B28C2B-8C87-4E33-A74D-4670D7463F3D}.Debug|x64.ActiveCfg = Debug|x64
		{28B28C2B-8C87-4E33-A74D-4670D7463F3D}.Debug|x64.Build.0 = Debug|x64
		{28B28C2B-8C87-4E33-A74D-4670D7463F3D}.Debug|x86.ActiveCfg = Debug|Win32
		{28B28C2B-8C87-4E33-A74D-4670D7463F3D}.Debug|x86.Build.0 = Debug|Win32
		{28B28C2B-8C87-4E33-A74D-4670D7463F3D}.Release|ARM.ActiveCfg = Release|Win32
		{28B28C2B-8C87-4E33-A74D-4670D7463F3D}.Release|ARM64.ActiveCfg = Release|Win32
		{28B28C2B-8C87-4E33-A74D-4670D7463F3D}.Release|x64.ActiveCfg = Release|x64
		{28B28C2B-8C87-4E33-A74D-4670D7463F3D}.Release|x64.Build.0 = Release|x64
		{28B28C2B-8C87-4E33-A74D-4670D7463F3D}.Release|x86.ActiveCfg = Release|Win32
		{28B28C2B-8C87-4E33-A74D-4670D7463F3D}.Release|x86.Build.0 = Release|Win32
		{A4D3631F-BDE9-4F4D-9695-2C32683D816B}.Debug|ARM.ActiveCfg = Debug|Win32
		{A4D3631F-BDE9-4F4D-9695-2C32683D816B}.Debug|ARM64.ActiveCfg = Debug|Win32
		{A4D3631F-BDE9-4F4D-9695-2C32683D816B}.Debug|x64.ActiveCfg = Debug|x64
		{A4D3631F-BDE9-4F4D-9695-2C32683D816B}.Debug|x64.Build.0 = Debug|x64
		{A4D3631F-BDE9-4F4D-9695-2C32683D816B}.Debug|x86.ActiveCfg = Debug|Win32
		{A4D3631F-BDE9-4F4D-9695-2C32683D816B}.Debug|x86.Build.0 = Debug|Win32
		{A4D3631F-BDE9-4F4D-9695-2C32683D816B}.Release|ARM.ActiveCfg = Release|Win32
		{A4D3631F-BDE9-4F4D-9695-2C32683D816B}.Release|ARM64.ActiveCfg = Release|Win32
		{A4D3631F-BDE9-4F4D-9695-2C32683D816B}.Release|x64.ActiveCfg = Release|x64
		{A4D3631F-BDE9-4F4D-9695-2C32683D816B}.Release|x64.Build.0 = Release|x64
		{A4D3631F-BDE9-4F4D-9695-2C32683D816B}.Release|x86.ActiveCfg = Release|Win32
		{A4D3631F-BDE9-4F4D-9695-2C32683D816B}.Release|x86.Build.0 = Release|Win32
		{A86D7919-12C4-4F86-BA66-9D6779B0118E}.Debug|ARM.ActiveCfg = Debug|Win32
		{A86D7919-12C4-4F86-BA66-9D6779B0118E}.Debug|ARM64.ActiveCfg = Debug|Win32
		{A86D7919-12C4-4F86-BA66-9D6779B0118E}.Debug|x64.ActiveCfg = Debug|x64
		{A86D7919-12C4-4F86-BA66-9D6779B0118E}.Debug|x64.Build.0 = Debug|x64
		{A86D7919-12C4-4F86-BA66-9D6779B0118E}.Debug|x86.ActiveCfg = Debug|Win32
		{A86D7919-12C4-4F86-BA66-9D6779B0118E}.Debug|x86.Build.0 = Debug|Win32
		{A86D7919-12C4-4F86-BA66-9D6779B0118E}.Release|ARM.ActiveCfg = Release|Win32
		{A86D7919-12C4-4F86-BA66-9D6779B0118E}.Release|ARM64.ActiveCfg = Release|Win32
		{A86D7919-12C4-4F86-BA66-9D6779B0118E}.Release|x64.ActiveCfg = Release|x64
		{A86D7919-12C4-4F86-BA66-9D6779B0118E}.Release|x64.Build.0 = Release|x64
		{A86D7919-12C4-4F86-BA66-9D6779B0118E}.Release|x86.ActiveCfg = Release|Win32
		{A86D7919-12C4-4F86-BA66-9D6779B0118E}.Release|x86.Build.0 = Release|Win32
		{F609065A-572D-4D4B-A61B-C6BD4DF7AD41}.Debug|ARM.ActiveCfg = Debug|Win32
		{F609065A-572D-4D4B-A61B-C6BD4DF7AD41}.Debug|ARM64.ActiveCfg = Debug|Win32
		{F609065A-572D-4D4B-A61B-C6BD4DF7AD41}.Debug|x64.ActiveCfg = Debug|x64
		{F609065A-572D-4D4B-A61B-C6BD4DF7AD41}.Debug|x64.Build.0 = Debug|x64
		{F609065A-572D-4D4B-A61B-C6BD4DF7AD41}.Debug|x86.ActiveCfg = Debug|Win32
		{F609065A-572D-4D4B-A61B-C6BD4DF7AD41}.Debug|x86.Build.0 = Debug|Win32
		{F609065A-572D-4D4B-A61B-C6BD4DF7AD41}.Release|ARM.ActiveCfg = Release|Win32
		{F609065A-572D-4D4B-A61B-C6BD4DF7AD41}.Release|ARM64.ActiveCfg = Release|Win32
		{F609065A-572D-4D4B-A61B-C6BD4DF7AD41}.Release|x64.ActiveCfg = Release|x64
		{F609065A-572D-4D4B-A61B-C6BD4DF7AD41}.Release|x64.Build.0 = Release|x64
		{F609065A-572D-4D4B-A61B-C6BD4DF7AD41}.Release|x86.ActiveCfg = Release|Win32
		{F609065A-572D-4D4B-A61B-C6BD4DF7AD41}.Release|x86.Build.0 = Release|Win32
		{29CD9C7F-741F-448B-A8BF-8E5761BDFB97}.Debug|ARM.ActiveCfg = Debug|Win32
		{29CD9C7F-741F-448B-A8BF-8E5761BDFB97}.Debug|ARM64.ActiveCfg = Debug|Win32
		{29CD9C7F-741F-448B-A8BF-8E5761BDFB97}.Debug|x64.ActiveCfg = Debug|x64
		{29CD9C7F-741F-448B-A8BF-8E5761BDFB97}.Debug|x64.Build.0 = Debug|x64
		{29CD9C7F-741F-448B-A8BF-8E5761BDFB97}.Debug|x86.ActiveCfg = Debug|Win32
		{29CD9C7F-741F-448B-A8BF-8E5761BDFB97}.Debug|x86.Build.0 = Debug|Win32
		{29CD9C7F-741F-448B-A8BF-8E5761BDFB97}.Release|ARM.ActiveCfg = Release|Win32
		{29CD9C7F-741F-448B-A8BF-8E5761BDFB97}.Release|ARM64.ActiveCfg = Release|Win32
		{29CD9C7F-741F-448B-A8BF-8E5761BDFB97}.Release|x64.ActiveCfg = Release|x64
		{29CD9C7F-741F-448B-A8BF-8E5761BDFB97}.Release|x64.Build.0 = Release|x64
		{29CD9C7F-741F-448B-A8BF-8E5761BDFB97}.Release|x86.ActiveCfg = Release|Win32
		{29CD9C7F-741F-448B-A8BF-8E5761BDFB97}.Release|x86.Build.0 = Release|Win32
		{31794FDB-D68C-49F8-B3DE-0BDE4D9020CA}.Debug|ARM.ActiveCfg = Debug|Win32
		{31794FDB-D68C-49F8-B3DE-0BDE4D9020CA}.Debug|ARM64.ActiveCfg = Debug|Win32
		{31794FDB-D68C-49F8-B3DE-0BDE4D9020CA}.Debug|x64.ActiveCfg = Debug|x64
		{31794FDB-D68C-49F8-B3DE-0BDE4D9020CA}.Debug|x64.Build.0 = Debug|x64
		{31794FDB-D68C-49F8-B3DE-0BDE4D9020CA}.Debug|x86.ActiveCfg = Debug|Win32
		{31794FDB-D68C-49F8-B3DE-0BDE4D9020CA}.Debug|x86.Build.0 = Debug|Win32
		{31794FDB-D68C-49F8-B3DE-0BDE4D9020CA}.Release|ARM.ActiveCfg = Release|Win32
		{31794FDB-D68C-49F8-B3DE-0BDE4D9020CA}.Release|ARM64.ActiveCfg = Release|Win32
		{31794FDB-D68C-49F8-B3DE-0BDE4D9020CA}.Release|x64.ActiveCfg = Release|x64
		{31794FDB-D68C-49F8-B3DE-0BDE4D9020CA}.Release|x64.Build.0 = Release|x64
		{31794FDB-D68C-49F8-B3DE-0BDE4D9020CA}.Release|x86.ActiveCfg = Release|Win32
		{31794FDB-D68C-49F8-B3DE-0BDE4D9020CA}.Release|x86.Build.0 = Release|Win32
		{9D033331-0911-4218-BA8A-1E61FED05668}.Debug|ARM.ActiveCfg = Debug|Win32
		{9D033331-0911-4218-BA8A-1E61FED05668}.Debug|ARM64.ActiveCfg = Debug|Win32
		{9D033331-0911-4218-BA8A-1E61FED05668}.Debug|x64.ActiveCfg = Debug|x64
		{9D033331-0911-4218-BA8A-1E61FED05668}.Debug|x64.Build.0 = Debug|x64
		{9D033331-0911-4218-BA8A-1E61FED05668}.Debug|x86.ActiveCfg = Debug|Win32
		{9D033331-0911-4218-BA8A-1E61FED05668}.Debug|x86.Build.0 = Debug|Win32
		{9D033331-0911-4218-BA8A-1E61FED05668}.Release|ARM.ActiveCfg = Release|Win32
		{9D033331-0911-4218-BA8A-1E61FED05668}.Release|ARM64.ActiveCfg = Release|Win32
		{9D033331-0911-4218-BA8A-1E61FED05668}.Release|x64.ActiveCfg = Release|x64
		{9D033331-0911-4218-BA8A-1E61FED05668}.Release|x64.Build.0 = Release|x64
		{9D033331-0911-4218-BA8A-1E61FED05668}.Release|x86.ActiveCfg = Release|Win32
		{9D033331-0911-4218-BA8A-1E61FED05668}.Release|x86.Build.0 = Release|Win32
		{514D2C87-0E82-4D88-AC74-BA5644C66896}.Debug|ARM.ActiveCfg = Debug|Win32
		{514D2C87-0E82-4D88-AC74-BA5644C66896}.Debug|ARM64.ActiveCfg = Debug|Win32
		{514D2C87-0E82-4D88-AC74-BA5644C66896}.Debug|x64.ActiveCfg = Debug|x64
		{514D2C87-0E82-4D88-AC74-BA5644C66896}.Debug|x64.Build.0 = Debug|x64
		{514D2C87-0E82-4D88-AC74-BA5644C66896}.Debug|x86.ActiveCfg = Debug|Win32
		{514D2C87-0E82-4D88-AC74-BA5644C66896}.Debug|x86.Build.0 = Debug|Win32
		{514D2C87-0E82-4D88-AC74-BA5644C66896}.Release|ARM.ActiveCfg = Release|Win32
		{514D2C87-0E82-4D88-AC74-BA5644C66896}.Release|ARM64.ActiveCfg = Release|Win32
		{514D2C87-0E82-4D88-AC74-BA5644C66896}.Release|x64.ActiveCfg = Release|x64
		{514D2C87-0E82-4D88-AC74-BA5644C66896}.Release|x64.Build.0 = Release|x64
		{514D2C87-0E82-4D88-AC74-BA5644C66896}.Release|x86.ActiveCfg = Release|Win32
		{514D2C87-0E82-4D88-AC74-BA5644C66896}.Release|x86.Build.0 = Release|Win32
		{08BD1DA3-E739-497F-9C32-224C56315289}.Debug|ARM.ActiveCfg = Debug|Win32
		{08BD1DA3-E739-497F-9C32-224C56315289}.Debug|ARM64.ActiveCfg = Debug|Win32
		{08BD1DA3-E739-497F-9C32-224C56315289}.Debug|x64.ActiveCfg = Debug|x64
		{08BD1DA3-E739-497F-9C32-224C56315289}.Debug|x64.Build.0 = Debug|x64
		{08BD1DA3-E739-497F-9C32-224C56315289}.Debug|x86.ActiveCfg = Debug|Win32
		{08BD1DA3-E739-497F-9C32-224C56315289}.Debug|x86.Build.0 = Debug|Win32
		{08BD1DA3-E739-497F-9C32-224C56315289}.Release|ARM.ActiveCfg = Release|Win32
		{08BD1DA3-E739-497F-9C32-224C56315289}.Release|ARM64.ActiveCfg = Release|Win32
		{08BD1DA3-E739-497F-9C32-224C56315289}.Release|x64.ActiveCfg = Release|x64
		{08BD1DA3-E739-497F-9C32-224C56315289}.Release|x64.Build.0 = Release|x64
		{08BD1DA3-E739-497F-9C32-224C56315289}.Release|x86.ActiveCfg = Release|Win32
		{08BD1DA3-E739-497F-9C32-224C56315289}.Release|x86.Build.0 = Release|Win32
	EndGlobalSection
	GlobalSection(SolutionProperties) = preSolution
		HideSolutionNode = FALSE
	EndGlobalSection
	GlobalSection(NestedProjects) = preSolution
		{DF7EF5A5-2FDE-4602-95EB-F7F21EC86718} = {EA58F417-3AED-4D20-94F4-A5945FA67941}
		{B2B813C5-C5B2-4409-BB9C-38D0500AAE91} = {F74A2EC7-0EEA-41BB-9AF7-EF799F9C90E4}
		{7F3A8DDC-30BF-4642-B352-5F0DC23C24B6} = {1A62BC38-BE8B-47D8-B254-DF438D95D938}
		{28B28C2B-8C87-4E33-A74D-4670D7463F3D} = {747BF16A-65A0-43F9-8C16-FE5B33543145}
		{A4D3631F-BDE9-4F4D-9695-2C32683D816B} = {2BE4F985-18DA-4E26-97FC-29187E450B51}
		{A86D7919-12C4-4F86-BA66-9D6779B0118E} = {9DE40499-5644-4737-A8CA-3E577D03D95F}
		{F609065A-572D-4D4B-A61B-C6BD4DF7AD41} = {2BE4F985-18DA-4E26-97FC-29187E450B51}
		{29CD9C7F-741F-448B-A8BF-8E5761BDFB97} = {16A0206C-BF0C-4EE4-A83F-0763C43C0BC5}
		{31794FDB-D68C-49F8-B3DE-0BDE4D9020CA} = {D19C937D-4CD3-4010-B26A-1797B29C1080}
		{9D033331-0911-4218-BA8A-1E61FED05668} = {2BE4F985-18DA-4E26-97FC-29187E450B51}
		{514D2C87-0E82-4D88-AC74-BA5644C66896} = {EA58F417-3AED-4D20-94F4-A5945FA67941}
		{08BD1DA3-E739-497F-9C32-224C56315289} = {EA58F417-3AED-4D20-94F4-A5945FA67941}
	EndGlobalSection
	GlobalSection(ExtensibilityGlobals) = postSolution
		SolutionGuid = {AF7305EC-4607-4995-8C80-236730249F74}
	EndGlobalSection
EndGlobal
